{
  "name": "logic",
  "version": "1.0.0",
  "lockfileVersion": 2,
  "requires": true,
  "packages": {
    "": {
      "name": "logic",
      "version": "1.0.0",
      "license": "ISC",
      "dependencies": {
        "bcryptjs": "^2.4.3",
        "commons": "file:../commons",
        "data": "file:../data"
      }
    },
    "../commons": {
      "version": "1.0.0",
      "license": "ISC"
    },
    "../data": {
      "version": "1.0.0",
      "license": "ISC",
      "dependencies": {
        "mongoose": "^6.3.1"
      },
      "devDependencies": {}
    },
    "node_modules/bcryptjs": {
      "version": "2.4.3",
      "resolved": "https://registry.npmjs.org/bcryptjs/-/bcryptjs-2.4.3.tgz",
      "integrity": "sha1-mrVie5PmBiH/fNrF2pczAn3x0Ms="
    },
    "node_modules/commons": {
      "resolved": "../commons",
      "link": true
    },
    "node_modules/data": {
      "resolved": "../data",
      "link": true
    }
  },
  "dependencies": {
    "bcryptjs": {
      "version": "2.4.3",
      "resolved": "https://registry.npmjs.org/bcryptjs/-/bcryptjs-2.4.3.tgz",
      "integrity": "sha1-mrVie5PmBiH/fNrF2pczAn3x0Ms="
    },
    "commons": {
      "version": "file:../commons"
    },
    "data": {
      "version": "file:../data",
      "requires": {
        "mongoose": "^6.3.1"
      }
    }
  }
}
